
Microsoft Visual Studio Solution File, Format Version 12.00
# Visual Studio Version 17
VisualStudioVersion = 17.0.32112.339
MinimumVisualStudioVersion = 10.0.40219.1
Project("{8BC9CEB8-8B4A-11D0-8D11-00A0C91BC942}") = "IOCPBase", "IOCPBase\IOCPBase.vcxproj", "{643FD916-0897-401E-97CA-C775A4737F67}"
EndProject
Project("{8BC9CEB8-8B4A-11D0-8D11-00A0C91BC942}") = "EchoServer", "EchoServer\EchoServer.vcxproj", "{30878293-F248-45DF-8141-9E7E0DCD98F8}"
	ProjectSection(ProjectDependencies) = postProject
		{643FD916-0897-401E-97CA-C775A4737F67} = {643FD916-0897-401E-97CA-C775A4737F67}
	EndProjectSection
EndProject
Project("{8BC9CEB8-8B4A-11D0-8D11-00A0C91BC942}") = "EchoClient", "EchoClient\EchoClient.vcxproj", "{A5D94CA9-98DD-4F8A-BBB4-220AC0F45471}"
EndProject
Global
	GlobalSection(SolutionConfigurationPlatforms) = preSolution
		Debug|x64 = Debug|x64
		Debug|x86 = Debug|x86
		DebugStaticLibrary|x64 = DebugStaticLibrary|x64
		DebugStaticLibrary|x86 = DebugStaticLibrary|x86
		Release|x64 = Release|x64
		Release|x86 = Release|x86
		ReleaseStaticLibrary|x64 = ReleaseStaticLibrary|x64
		ReleaseStaticLibrary|x86 = ReleaseStaticLibrary|x86
	EndGlobalSection
	GlobalSection(ProjectConfigurationPlatforms) = postSolution
		{643FD916-0897-401E-97CA-C775A4737F67}.Debug|x64.ActiveCfg = Debug|x64
		{643FD916-0897-401E-97CA-C775A4737F67}.Debug|x64.Build.0 = Debug|x64
		{643FD916-0897-401E-97CA-C775A4737F67}.Debug|x86.ActiveCfg = Debug|Win32
		{643FD916-0897-401E-97CA-C775A4737F67}.Debug|x86.Build.0 = Debug|Win32
		{643FD916-0897-401E-97CA-C775A4737F67}.DebugStaticLibrary|x64.ActiveCfg = DebugStaticLibrary|x64
		{643FD916-0897-401E-97CA-C775A4737F67}.DebugStaticLibrary|x64.Build.0 = DebugStaticLibrary|x64
		{643FD916-0897-401E-97CA-C775A4737F67}.DebugStaticLibrary|x86.ActiveCfg = DebugStaticLibrary|Win32
		{643FD916-0897-401E-97CA-C775A4737F67}.DebugStaticLibrary|x86.Build.0 = DebugStaticLibrary|Win32
		{643FD916-0897-401E-97CA-C775A4737F67}.Release|x64.ActiveCfg = Release|x64
		{643FD916-0897-401E-97CA-C775A4737F67}.Release|x64.Build.0 = Release|x64
		{643FD916-0897-401E-97CA-C775A4737F67}.Release|x86.ActiveCfg = Release|Win32
		{643FD916-0897-401E-97CA-C775A4737F67}.Release|x86.Build.0 = Release|Win32
		{643FD916-0897-401E-97CA-C775A4737F67}.ReleaseStaticLibrary|x64.ActiveCfg = ReleaseStaticLibrary|x64
		{643FD916-0897-401E-97CA-C775A4737F67}.ReleaseStaticLibrary|x64.Build.0 = ReleaseStaticLibrary|x64
		{643FD916-0897-401E-97CA-C775A4737F67}.ReleaseStaticLibrary|x86.ActiveCfg = ReleaseStaticLibrary|Win32
		{643FD916-0897-401E-97CA-C775A4737F67}.ReleaseStaticLibrary|x86.Build.0 = ReleaseStaticLibrary|Win32
		{30878293-F248-45DF-8141-9E7E0DCD98F8}.Debug|x64.ActiveCfg = Debug|x64
		{30878293-F248-45DF-8141-9E7E0DCD98F8}.Debug|x64.Build.0 = Debug|x64
		{30878293-F248-45DF-8141-9E7E0DCD98F8}.Debug|x86.ActiveCfg = Debug|Win32
		{30878293-F248-45DF-8141-9E7E0DCD98F8}.Debug|x86.Build.0 = Debug|Win32
		{30878293-F248-45DF-8141-9E7E0DCD98F8}.DebugStaticLibrary|x64.ActiveCfg = Debug|x64
		{30878293-F248-45DF-8141-9E7E0DCD98F8}.DebugStaticLibrary|x64.Build.0 = Debug|x64
		{30878293-F248-45DF-8141-9E7E0DCD98F8}.DebugStaticLibrary|x86.ActiveCfg = Debug|Win32
		{30878293-F248-45DF-8141-9E7E0DCD98F8}.DebugStaticLibrary|x86.Build.0 = Debug|Win32
		{30878293-F248-45DF-8141-9E7E0DCD98F8}.Release|x64.ActiveCfg = Release|x64
		{30878293-F248-45DF-8141-9E7E0DCD98F8}.Release|x64.Build.0 = Release|x64
		{30878293-F248-45DF-8141-9E7E0DCD98F8}.Release|x86.ActiveCfg = Release|Win32
		{30878293-F248-45DF-8141-9E7E0DCD98F8}.Release|x86.Build.0 = Release|Win32
		{30878293-F248-45DF-8141-9E7E0DCD98F8}.ReleaseStaticLibrary|x64.ActiveCfg = Release|x64
		{30878293-F248-45DF-8141-9E7E0DCD98F8}.ReleaseStaticLibrary|x64.Build.0 = Release|x64
		{30878293-F248-45DF-8141-9E7E0DCD98F8}.ReleaseStaticLibrary|x86.ActiveCfg = Release|Win32
		{30878293-F248-45DF-8141-9E7E0DCD98F8}.ReleaseStaticLibrary|x86.Build.0 = Release|Win32
		{A5D94CA9-98DD-4F8A-BBB4-220AC0F45471}.Debug|x64.ActiveCfg = Debug|x64
		{A5D94CA9-98DD-4F8A-BBB4-220AC0F45471}.Debug|x64.Build.0 = Debug|x64
		{A5D94CA9-98DD-4F8A-BBB4-220AC0F45471}.Debug|x86.ActiveCfg = Debug|Win32
		{A5D94CA9-98DD-4F8A-BBB4-220AC0F45471}.Debug|x86.Build.0 = Debug|Win32
		{A5D94CA9-98DD-4F8A-BBB4-220AC0F45471}.DebugStaticLibrary|x64.ActiveCfg = Debug|x64
		{A5D94CA9-98DD-4F8A-BBB4-220AC0F45471}.DebugStaticLibrary|x64.Build.0 = Debug|x64
		{A5D94CA9-98DD-4F8A-BBB4-220AC0F45471}.DebugStaticLibrary|x86.ActiveCfg = Debug|Win32
		{A5D94CA9-98DD-4F8A-BBB4-220AC0F45471}.DebugStaticLibrary|x86.Build.0 = Debug|Win32
		{A5D94CA9-98DD-4F8A-BBB4-220AC0F45471}.Release|x64.ActiveCfg = Release|x64
		{A5D94CA9-98DD-4F8A-BBB4-220AC0F45471}.Release|x64.Build.0 = Release|x64
		{A5D94CA9-98DD-4F8A-BBB4-220AC0F45471}.Release|x86.ActiveCfg = Release|Win32
		{A5D94CA9-98DD-4F8A-BBB4-220AC0F45471}.Release|x86.Build.0 = Release|Win32
		{A5D94CA9-98DD-4F8A-BBB4-220AC0F45471}.ReleaseStaticLibrary|x64.ActiveCfg = Release|x64
		{A5D94CA9-98DD-4F8A-BBB4-220AC0F45471}.ReleaseStaticLibrary|x64.Build.0 = Release|x64
		{A5D94CA9-98DD-4F8A-BBB4-220AC0F45471}.ReleaseStaticLibrary|x86.ActiveCfg = Release|Win32
		{A5D94CA9-98DD-4F8A-BBB4-220AC0F45471}.ReleaseStaticLibrary|x86.Build.0 = Release|Win32
	EndGlobalSection
	GlobalSection(SolutionProperties) = preSolution
		HideSolutionNode = FALSE
	EndGlobalSection
	GlobalSection(ExtensibilityGlobals) = postSolution
		SolutionGuid = {BC249124-7374-4605-B515-2F400897B729}
	EndGlobalSection
EndGlobal
